
Microsoft Visual Studio Solution File, Format Version 12.00
# Visual Studio Version 16
VisualStudioVersion = 16.0.30011.22
MinimumVisualStudioVersion = 10.0.40219.1
Project("{8BC9CEB8-8B4A-11D0-8D11-00A0C91BC942}") = "DemoSketch_MSVC", "DemoSketch_MSVC.vcxproj", "{2CD44577-819B-42F4-A84E-3FF7659760BD}"
EndProject
Global
	GlobalSection(SolutionConfigurationPlatforms) = preSolution
		Debug|Win32 = Debug|Win32
		Release|Win32 = Release|Win32
	EndGlobalSection
	GlobalSection(ProjectConfigurationPlatforms) = postSolution
		{2CD44577-819B-42F4-A84E-3FF7659760BD}.Debug|Win32.ActiveCfg = Debug|Win32
		{2CD44577-819B-42F4-A84E-3FF7659760BD}.Debug|Win32.Build.0 = Debug|Win32
		{2CD44577-819B-42F4-A84E-3FF7659760BD}.Release|Win32.ActiveCfg = Release|Win32
		{2CD44577-819B-42F4-A84E-3FF7659760BD}.Release|Win32.Build.0 = Release|Win32
	EndGlobalSection
	GlobalSection(SolutionProperties) = preSolution
		HideSolutionNode = FALSE
	EndGlobalSection
	GlobalSection(ExtensibilityGlobals) = postSolution
		SolutionGuid = {222EBFFA-560E-4885-8450-008545CFDA91}
	EndGlobalSection
EndGlobal
