
Microsoft Visual Studio Solution File, Format Version 12.00
# Visual Studio Version 16
VisualStudioVersion = 16.0.30011.22
MinimumVisualStudioVersion = 10.0.40219.1
Project("{8BC9CEB8-8B4A-11D0-8D11-00A0C91BC942}") = "DemoWashingMachine_MSVC", "DemoWashingMachine_MSVC.vcxproj", "{F04E27DF-C278-4130-93DC-75E834C9457E}"
EndProject
Global
	GlobalSection(SolutionConfigurationPlatforms) = preSolution
		Debug|Win32 = Debug|Win32
		Release|Win32 = Release|Win32
	EndGlobalSection
	GlobalSection(ProjectConfigurationPlatforms) = postSolution
		{F04E27DF-C278-4130-93DC-75E834C9457E}.Debug|Win32.ActiveCfg = Debug|Win32
		{F04E27DF-C278-4130-93DC-75E834C9457E}.Debug|Win32.Build.0 = Debug|Win32
		{F04E27DF-C278-4130-93DC-75E834C9457E}.Release|Win32.ActiveCfg = Release|Win32
		{F04E27DF-C278-4130-93DC-75E834C9457E}.Release|Win32.Build.0 = Release|Win32
	EndGlobalSection
	GlobalSection(SolutionProperties) = preSolution
		HideSolutionNode = FALSE
	EndGlobalSection
	GlobalSection(ExtensibilityGlobals) = postSolution
		SolutionGuid = {7DB4673A-2C59-4D01-AF2B-EA2485B59826}
	EndGlobalSection
EndGlobal
