
Microsoft Visual Studio Solution File, Format Version 12.00
# Visual Studio Version 16
VisualStudioVersion = 16.0.30011.22
MinimumVisualStudioVersion = 10.0.40219.1

Project("{8BC9CEB8-8B4A-11D0-8D11-00A0C91BC942}") = "DemoAudioPlayback_MSVC", "AudioPlayback\Project\Msvc\DemoAudioPlayback_Msvc.vcxproj", "{FBBBBF6D-E43B-4568-AA38-4D76E6D29FB5}"
EndProject
Project("{8BC9CEB8-8B4A-11D0-8D11-00A0C91BC942}") = "DemoCircleView_MSVC", "CircleView\Project\Msvc\DemoCircleView_Msvc.vcxproj", "{1AFDF703-05E7-4DA4-A9D2-2C2B441C2F97}"
EndProject
Project("{8BC9CEB8-8B4A-11D0-8D11-00A0C91BC942}") = "DemoEvChargePoint_MSVC", "EvChargePoint\Project\Msvc\DemoEvChargePoint_Msvc.vcxproj", "{B1017E54-8186-4858-8B69-C018EC560F75}"
EndProject
Project("{8BC9CEB8-8B4A-11D0-8D11-00A0C91BC942}") = "DemoFlashBitbang_MSVC", "FlashBitbang\Project\Msvc\DemoFlashBitbang_Msvc.vcxproj", "{F5D4975A-5E13-4673-BF31-C7A9C03DF12B}"
EndProject
Project("{8BC9CEB8-8B4A-11D0-8D11-00A0C91BC942}") = "DemoGauges_MSVC", "Gauges\Project\Msvc\DemoGauges_MSVC.vcxproj", "{44ED6780-AE62-40DA-B902-F5093012FBC4}"
EndProject
Project("{8BC9CEB8-8B4A-11D0-8D11-00A0C91BC942}") = "DemoGradient_MSVC", "Gradient\Project\Msvc\DemoGradient_MSVC.vcxproj", "{05EFD78D-4944-41E3-9E9A-816E067ECC73}"
EndProject
Project("{8BC9CEB8-8B4A-11D0-8D11-00A0C91BC942}") = "DemoGraph_MSVC", "Graph\Project\Msvc\DemoGraph_MSVC.vcxproj", "{B62990BD-515F-4978-A381-D28AB3DA2259}"
EndProject
Project("{8BC9CEB8-8B4A-11D0-8D11-00A0C91BC942}") = "DemoHDPictureViewer_MSVC", "HDPictureViewer\Project\Msvc\DemoHDPictureViewer_MSVC.vcxproj", "{C3B5D442-1A86-413B-A1D8-B9ABEE8361B7}"
EndProject
Project("{8BC9CEB8-8B4A-11D0-8D11-00A0C91BC942}") = "DemoImageviewer_MSVC", "Imageviewer\Project\Msvc\DemoImageviewer_MSVC.vcxproj", "{F868393C-7426-4AE3-BAAB-67AF4965C111}"
EndProject
Project("{8BC9CEB8-8B4A-11D0-8D11-00A0C91BC942}") = "DemoImageviewer2_MSVC", "Imageviewer2\Project\Msvc\DemoImageviewer2_MSVC.vcxproj", "{82095D36-8E54-4A1C-A5D6-ED77343DC694}"
EndProject
Project("{8BC9CEB8-8B4A-11D0-8D11-00A0C91BC942}") = "DemoInstrument_MSVC", "Instrument\Project\Msvc\DemoInstrument_Msvc.vcxproj", "{F0A38BB5-1C08-428F-B6B4-E59D1AE55520}"
EndProject
Project("{8BC9CEB8-8B4A-11D0-8D11-00A0C91BC942}") = "DemoJackpot_MSVC", "Jackpot\Project\Msvc\DemoJackpot_MSVC.vcxproj", "{FAD08FBE-53BC-42EB-B192-A46224660723}"
EndProject
Project("{8BC9CEB8-8B4A-11D0-8D11-00A0C91BC942}") = "DemoKeyboard_MSVC", "Keyboard\Project\Msvc\DemoKeyboard_MSVC.vcxproj", "{F462172E-280B-4498-911F-0D810887E7E8}"
EndProject
Project("{8BC9CEB8-8B4A-11D0-8D11-00A0C91BC942}") = "DemoLift_MSVC", "Lift\Project\Msvc\DemoLift_MSVC.vcxproj", "{B3C791DE-91C0-46DD-ADF1-4BDF560A0E96}"
EndProject
Project("{8BC9CEB8-8B4A-11D0-8D11-00A0C91BC942}") = "DemoLift2_MSVC", "Lift2\Project\Msvc\DemoLift2_MSVC.vcxproj", "{AA756361-E2CE-4393-A4FB-DD46760C18A3}"
EndProject
Project("{8BC9CEB8-8B4A-11D0-8D11-00A0C91BC942}") = "DemoMainmenu_MSVC", "Mainmenu\Project\Msvc\DemoMainmenu_MSVC.vcxproj", "{B8E078A6-1C60-46EF-B435-38BB9757D714}"
EndProject
Project("{8BC9CEB8-8B4A-11D0-8D11-00A0C91BC942}") = "DemoMediaPlayer_MSVC", "MediaPlayer\Project\Msvc\DemoMediaPlayer_Msvc.vcxproj", "{6CD4FC82-D01F-4DB8-AFE4-D06CEEF5CDF8}"
EndProject
Project("{8BC9CEB8-8B4A-11D0-8D11-00A0C91BC942}") = "DemoMetaballs_MSVC", "Metaballs\Project\Msvc\DemoMetaballs_MSVC.vcxproj", "{CC8E638E-698C-4065-A690-3AA51745F5E9}"
EndProject
Project("{8BC9CEB8-8B4A-11D0-8D11-00A0C91BC942}") = "DemoMeter_MSVC", "Meter\Project\Msvc\DemoMeter_Msvc.vcxproj", "{4A485CE6-8E2F-4906-A9F1-54A75B0C4AD9}"
EndProject
Project("{8BC9CEB8-8B4A-11D0-8D11-00A0C91BC942}") = "DemoRefrigerator_MSVC", "Refrigerator\Project\Msvc\DemoRefrigerator_MSVC.vcxproj", "{6BE7A525-49F3-4130-9AEE-C9652395A00A}"
EndProject
Project("{8BC9CEB8-8B4A-11D0-8D11-00A0C91BC942}") = "DemoRotaryDial_MSVC", "RotaryDial\Project\Msvc\DemoRotaryDial_MSVC.vcxproj", "{B5973EA3-2F12-4271-8A9E-72F29EBC8771}"
EndProject
Project("{8BC9CEB8-8B4A-11D0-8D11-00A0C91BC942}") = "DemoRunningBar_MSVC", "RunningBar\Project\Msvc\DemoRunningBar_MSVC.vcxproj", "{37479BB8-A58D-44C0-A496-B6315F5F765A}"
EndProject
Project("{8BC9CEB8-8B4A-11D0-8D11-00A0C91BC942}") = "DemoSignals_MSVC", "Signals\Project\Msvc\DemoSignals_MSVC.vcxproj", "{564B60D2-F755-4819-856D-CEB7C7AFB00F}"
EndProject
Project("{8BC9CEB8-8B4A-11D0-8D11-00A0C91BC942}") = "DemoSignature_MSVC", "Signature\Project\Msvc\DemoSignature_MSVC.vcxproj", "{B30B1438-B748-4241-A442-61AF6F2E4371}"
EndProject
Project("{8BC9CEB8-8B4A-11D0-8D11-00A0C91BC942}") = "DemoSketch_MSVC", "Sketch\Project\Msvc\DemoSketch_MSVC.vcxproj", "{2CD44577-819B-42F4-A84E-3FF7659760BD}"
EndProject
Project("{8BC9CEB8-8B4A-11D0-8D11-00A0C91BC942}") = "DemoUnicode_MSVC", "Unicode\Project\Msvc\DemoUnicode_MSVC.vcxproj", "{E4EC03DD-28BF-4600-9D38-5BFC696AA00B}"
EndProject
Project("{8BC9CEB8-8B4A-11D0-8D11-00A0C91BC942}") = "DemoUnicodeRuntime_MSVC", "UnicodeRuntime\Project\Msvc\DemoUnicodeRuntime_MSVC.vcxproj", "{04129F4D-3568-44DC-948B-E054C2A92002}"
EndProject
Project("{8BC9CEB8-8B4A-11D0-8D11-00A0C91BC942}") = "DemoWashingMachine_MSVC", "WashingMachine\Project\Msvc\DemoWashingMachine_MSVC.vcxproj", "{F04E27DF-C278-4130-93DC-75E834C9457E}"
EndProject
Global
	GlobalSection(SolutionConfigurationPlatforms) = preSolution
		Debug|x86 = Debug|x86
		Release|x86 = Release|x86
	EndGlobalSection
	GlobalSection(ProjectConfigurationPlatforms) = postSolution
		{FBBBBF6D-E43B-4568-AA38-4D76E6D29FB5}.Debug|x86.ActiveCfg = Debug|Win32
		{FBBBBF6D-E43B-4568-AA38-4D76E6D29FB5}.Debug|x86.Build.0 = Debug|Win32
		{FBBBBF6D-E43B-4568-AA38-4D76E6D29FB5}.Release|x86.ActiveCfg = Release|Win32
		{FBBBBF6D-E43B-4568-AA38-4D76E6D29FB5}.Release|x86.Build.0 = Release|Win32
		{BB16C885-7CB6-4013-9016-D69C2B4A3739}.Debug|x86.ActiveCfg = Debug|Win32
		{BB16C885-7CB6-4013-9016-D69C2B4A3739}.Debug|x86.Build.0 = Debug|Win32
		{BB16C885-7CB6-4013-9016-D69C2B4A3739}.Release|x86.ActiveCfg = Release|Win32
		{BB16C885-7CB6-4013-9016-D69C2B4A3739}.Release|x86.Build.0 = Release|Win32
		{1AFDF703-05E7-4DA4-A9D2-2C2B441C2F97}.Debug|x86.ActiveCfg = Debug|Win32
		{1AFDF703-05E7-4DA4-A9D2-2C2B441C2F97}.Debug|x86.Build.0 = Debug|Win32
		{1AFDF703-05E7-4DA4-A9D2-2C2B441C2F97}.Release|x86.ActiveCfg = Release|Win32
		{1AFDF703-05E7-4DA4-A9D2-2C2B441C2F97}.Release|x86.Build.0 = Release|Win32
		{67949AD5-A853-4BC0-B1D9-F101F50989E7}.Debug|x86.ActiveCfg = Debug|Win32
		{67949AD5-A853-4BC0-B1D9-F101F50989E7}.Debug|x86.Build.0 = Debug|Win32
		{67949AD5-A853-4BC0-B1D9-F101F50989E7}.Release|x86.ActiveCfg = Release|Win32
		{67949AD5-A853-4BC0-B1D9-F101F50989E7}.Release|x86.Build.0 = Release|Win32
		{B1017E54-8186-4858-8B69-C018EC560F75}.Debug|x86.ActiveCfg = Debug|Win32
		{B1017E54-8186-4858-8B69-C018EC560F75}.Debug|x86.Build.0 = Debug|Win32
		{B1017E54-8186-4858-8B69-C018EC560F75}.Release|x86.ActiveCfg = Release|Win32
		{B1017E54-8186-4858-8B69-C018EC560F75}.Release|x86.Build.0 = Release|Win32
		{96AA02AC-57D4-4EF6-B49E-04DD78EDEC22}.Debug|x86.ActiveCfg = Debug|Win32
		{96AA02AC-57D4-4EF6-B49E-04DD78EDEC22}.Debug|x86.Build.0 = Debug|Win32
		{96AA02AC-57D4-4EF6-B49E-04DD78EDEC22}.Release|x86.ActiveCfg = Release|Win32
		{96AA02AC-57D4-4EF6-B49E-04DD78EDEC22}.Release|x86.Build.0 = Release|Win32
		{F5D4975A-5E13-4673-BF31-C7A9C03DF12B}.Debug|x86.ActiveCfg = Debug|Win32
		{F5D4975A-5E13-4673-BF31-C7A9C03DF12B}.Debug|x86.Build.0 = Debug|Win32
		{F5D4975A-5E13-4673-BF31-C7A9C03DF12B}.Release|x86.ActiveCfg = Release|Win32
		{F5D4975A-5E13-4673-BF31-C7A9C03DF12B}.Release|x86.Build.0 = Release|Win32
		{BE252225-31AA-4403-BC64-23723D8DEB32}.Debug|x86.ActiveCfg = Debug|Win32
		{BE252225-31AA-4403-BC64-23723D8DEB32}.Debug|x86.Build.0 = Debug|Win32
		{BE252225-31AA-4403-BC64-23723D8DEB32}.Release|x86.ActiveCfg = Release|Win32
		{BE252225-31AA-4403-BC64-23723D8DEB32}.Release|x86.Build.0 = Release|Win32
		{44ED6780-AE62-40DA-B902-F5093012FBC4}.Debug|x86.ActiveCfg = Debug|Win32
		{44ED6780-AE62-40DA-B902-F5093012FBC4}.Debug|x86.Build.0 = Debug|Win32
		{44ED6780-AE62-40DA-B902-F5093012FBC4}.Release|x86.ActiveCfg = Release|Win32
		{44ED6780-AE62-40DA-B902-F5093012FBC4}.Release|x86.Build.0 = Release|Win32
		{3E02EA0F-31E5-4069-9044-A3E34E794DC9}.Debug|x86.ActiveCfg = Debug|Win32
		{3E02EA0F-31E5-4069-9044-A3E34E794DC9}.Debug|x86.Build.0 = Debug|Win32
		{3E02EA0F-31E5-4069-9044-A3E34E794DC9}.Release|x86.ActiveCfg = Release|Win32
		{3E02EA0F-31E5-4069-9044-A3E34E794DC9}.Release|x86.Build.0 = Release|Win32
		{05EFD78D-4944-41E3-9E9A-816E067ECC73}.Debug|x86.ActiveCfg = Debug|Win32
		{05EFD78D-4944-41E3-9E9A-816E067ECC73}.Debug|x86.Build.0 = Debug|Win32
		{05EFD78D-4944-41E3-9E9A-816E067ECC73}.Release|x86.ActiveCfg = Release|Win32
		{05EFD78D-4944-41E3-9E9A-816E067ECC73}.Release|x86.Build.0 = Release|Win32
		{27F80A0E-4A4A-4332-8FF1-75E51C56A4A2}.Debug|x86.ActiveCfg = Debug|Win32
		{27F80A0E-4A4A-4332-8FF1-75E51C56A4A2}.Debug|x86.Build.0 = Debug|Win32
		{27F80A0E-4A4A-4332-8FF1-75E51C56A4A2}.Release|x86.ActiveCfg = Release|Win32
		{27F80A0E-4A4A-4332-8FF1-75E51C56A4A2}.Release|x86.Build.0 = Release|Win32
		{B62990BD-515F-4978-A381-D28AB3DA2259}.Debug|x86.ActiveCfg = Debug|Win32
		{B62990BD-515F-4978-A381-D28AB3DA2259}.Debug|x86.Build.0 = Debug|Win32
		{B62990BD-515F-4978-A381-D28AB3DA2259}.Release|x86.ActiveCfg = Release|Win32
		{B62990BD-515F-4978-A381-D28AB3DA2259}.Release|x86.Build.0 = Release|Win32
		{400B6646-291C-43DE-B0AF-8861CEB59ACC}.Debug|x86.ActiveCfg = Debug|Win32
		{400B6646-291C-43DE-B0AF-8861CEB59ACC}.Debug|x86.Build.0 = Debug|Win32
		{400B6646-291C-43DE-B0AF-8861CEB59ACC}.Release|x86.ActiveCfg = Release|Win32
		{400B6646-291C-43DE-B0AF-8861CEB59ACC}.Release|x86.Build.0 = Release|Win32
		{C3B5D442-1A86-413B-A1D8-B9ABEE8361B7}.Debug|x86.ActiveCfg = Debug|Win32
		{C3B5D442-1A86-413B-A1D8-B9ABEE8361B7}.Debug|x86.Build.0 = Debug|Win32
		{C3B5D442-1A86-413B-A1D8-B9ABEE8361B7}.Release|x86.ActiveCfg = Release|Win32
		{C3B5D442-1A86-413B-A1D8-B9ABEE8361B7}.Release|x86.Build.0 = Release|Win32
		{8DA6F4C7-D443-4143-BA21-A79F0540FFBF}.Debug|x86.ActiveCfg = Debug|Win32
		{8DA6F4C7-D443-4143-BA21-A79F0540FFBF}.Debug|x86.Build.0 = Debug|Win32
		{8DA6F4C7-D443-4143-BA21-A79F0540FFBF}.Release|x86.ActiveCfg = Release|Win32
		{8DA6F4C7-D443-4143-BA21-A79F0540FFBF}.Release|x86.Build.0 = Release|Win32
		{F868393C-7426-4AE3-BAAB-67AF4965C111}.Debug|x86.ActiveCfg = Debug|Win32
		{F868393C-7426-4AE3-BAAB-67AF4965C111}.Debug|x86.Build.0 = Debug|Win32
		{F868393C-7426-4AE3-BAAB-67AF4965C111}.Release|x86.ActiveCfg = Release|Win32
		{F868393C-7426-4AE3-BAAB-67AF4965C111}.Release|x86.Build.0 = Release|Win32
		{F71AE674-E63F-4762-8AE5-128E6F5AC2E8}.Debug|x86.ActiveCfg = Debug|Win32
		{F71AE674-E63F-4762-8AE5-128E6F5AC2E8}.Debug|x86.Build.0 = Debug|Win32
		{F71AE674-E63F-4762-8AE5-128E6F5AC2E8}.Release|x86.ActiveCfg = Release|Win32
		{F71AE674-E63F-4762-8AE5-128E6F5AC2E8}.Release|x86.Build.0 = Release|Win32
		{82095D36-8E54-4A1C-A5D6-ED77343DC694}.Debug|x86.ActiveCfg = Debug|Win32
		{82095D36-8E54-4A1C-A5D6-ED77343DC694}.Debug|x86.Build.0 = Debug|Win32
		{82095D36-8E54-4A1C-A5D6-ED77343DC694}.Release|x86.ActiveCfg = Release|Win32
		{82095D36-8E54-4A1C-A5D6-ED77343DC694}.Release|x86.Build.0 = Release|Win32
		{56E90B9F-E657-482B-88CA-67F51455FF19}.Debug|x86.ActiveCfg = Debug|Win32
		{56E90B9F-E657-482B-88CA-67F51455FF19}.Debug|x86.Build.0 = Debug|Win32
		{56E90B9F-E657-482B-88CA-67F51455FF19}.Release|x86.ActiveCfg = Release|Win32
		{56E90B9F-E657-482B-88CA-67F51455FF19}.Release|x86.Build.0 = Release|Win32
		{F0A38BB5-1C08-428F-B6B4-E59D1AE55520}.Debug|x86.ActiveCfg = Debug|Win32
		{F0A38BB5-1C08-428F-B6B4-E59D1AE55520}.Debug|x86.Build.0 = Debug|Win32
		{F0A38BB5-1C08-428F-B6B4-E59D1AE55520}.Release|x86.ActiveCfg = Release|Win32
		{F0A38BB5-1C08-428F-B6B4-E59D1AE55520}.Release|x86.Build.0 = Release|Win32
		{5DDD5CED-FDB5-42E7-81B7-FC251177F1C9}.Debug|x86.ActiveCfg = Debug|Win32
		{5DDD5CED-FDB5-42E7-81B7-FC251177F1C9}.Debug|x86.Build.0 = Debug|Win32
		{5DDD5CED-FDB5-42E7-81B7-FC251177F1C9}.Release|x86.ActiveCfg = Release|Win32
		{5DDD5CED-FDB5-42E7-81B7-FC251177F1C9}.Release|x86.Build.0 = Release|Win32
		{FAD08FBE-53BC-42EB-B192-A46224660723}.Debug|x86.ActiveCfg = Debug|Win32
		{FAD08FBE-53BC-42EB-B192-A46224660723}.Debug|x86.Build.0 = Debug|Win32
		{FAD08FBE-53BC-42EB-B192-A46224660723}.Release|x86.ActiveCfg = Release|Win32
		{FAD08FBE-53BC-42EB-B192-A46224660723}.Release|x86.Build.0 = Release|Win32
		{0377D9C0-099A-4E95-A67E-D536B4D3B9FA}.Debug|x86.ActiveCfg = Debug|Win32
		{0377D9C0-099A-4E95-A67E-D536B4D3B9FA}.Debug|x86.Build.0 = Debug|Win32
		{0377D9C0-099A-4E95-A67E-D536B4D3B9FA}.Release|x86.ActiveCfg = Release|Win32
		{0377D9C0-099A-4E95-A67E-D536B4D3B9FA}.Release|x86.Build.0 = Release|Win32
		{F462172E-280B-4498-911F-0D810887E7E8}.Debug|x86.ActiveCfg = Debug|Win32
		{F462172E-280B-4498-911F-0D810887E7E8}.Debug|x86.Build.0 = Debug|Win32
		{F462172E-280B-4498-911F-0D810887E7E8}.Release|x86.ActiveCfg = Release|Win32
		{F462172E-280B-4498-911F-0D810887E7E8}.Release|x86.Build.0 = Release|Win32
		{FBFFC77F-23E1-4977-B510-15A853FD98E1}.Debug|x86.ActiveCfg = Debug|Win32
		{FBFFC77F-23E1-4977-B510-15A853FD98E1}.Debug|x86.Build.0 = Debug|Win32
		{FBFFC77F-23E1-4977-B510-15A853FD98E1}.Release|x86.ActiveCfg = Release|Win32
		{FBFFC77F-23E1-4977-B510-15A853FD98E1}.Release|x86.Build.0 = Release|Win32
		{B3C791DE-91C0-46DD-ADF1-4BDF560A0E96}.Debug|x86.ActiveCfg = Debug|Win32
		{B3C791DE-91C0-46DD-ADF1-4BDF560A0E96}.Debug|x86.Build.0 = Debug|Win32
		{B3C791DE-91C0-46DD-ADF1-4BDF560A0E96}.Release|x86.ActiveCfg = Release|Win32
		{B3C791DE-91C0-46DD-ADF1-4BDF560A0E96}.Release|x86.Build.0 = Release|Win32
		{7937262B-3EE4-420D-A8C3-005F16C38D84}.Debug|x86.ActiveCfg = Debug|Win32
		{7937262B-3EE4-420D-A8C3-005F16C38D84}.Debug|x86.Build.0 = Debug|Win32
		{7937262B-3EE4-420D-A8C3-005F16C38D84}.Release|x86.ActiveCfg = Release|Win32
		{7937262B-3EE4-420D-A8C3-005F16C38D84}.Release|x86.Build.0 = Release|Win32
		{AA756361-E2CE-4393-A4FB-DD46760C18A3}.Debug|x86.ActiveCfg = Debug|Win32
		{AA756361-E2CE-4393-A4FB-DD46760C18A3}.Debug|x86.Build.0 = Debug|Win32
		{AA756361-E2CE-4393-A4FB-DD46760C18A3}.Release|x86.ActiveCfg = Release|Win32
		{AA756361-E2CE-4393-A4FB-DD46760C18A3}.Release|x86.Build.0 = Release|Win32
		{05190170-6F8E-499C-B00E-DA4F8F1C3F09}.Debug|x86.ActiveCfg = Debug|Win32
		{05190170-6F8E-499C-B00E-DA4F8F1C3F09}.Debug|x86.Build.0 = Debug|Win32
		{05190170-6F8E-499C-B00E-DA4F8F1C3F09}.Release|x86.ActiveCfg = Release|Win32
		{05190170-6F8E-499C-B00E-DA4F8F1C3F09}.Release|x86.Build.0 = Release|Win32
		{B8E078A6-1C60-46EF-B435-38BB9757D714}.Debug|x86.ActiveCfg = Debug|Win32
		{B8E078A6-1C60-46EF-B435-38BB9757D714}.Debug|x86.Build.0 = Debug|Win32
		{B8E078A6-1C60-46EF-B435-38BB9757D714}.Release|x86.ActiveCfg = Release|Win32
		{B8E078A6-1C60-46EF-B435-38BB9757D714}.Release|x86.Build.0 = Release|Win32
		{06F1D002-2BB3-4C1E-871A-1B3F408F8553}.Debug|x86.ActiveCfg = Debug|Win32
		{06F1D002-2BB3-4C1E-871A-1B3F408F8553}.Debug|x86.Build.0 = Debug|Win32
		{06F1D002-2BB3-4C1E-871A-1B3F408F8553}.Release|x86.ActiveCfg = Release|Win32
		{06F1D002-2BB3-4C1E-871A-1B3F408F8553}.Release|x86.Build.0 = Release|Win32
		{6CD4FC82-D01F-4DB8-AFE4-D06CEEF5CDF8}.Debug|x86.ActiveCfg = Debug|Win32
		{6CD4FC82-D01F-4DB8-AFE4-D06CEEF5CDF8}.Debug|x86.Build.0 = Debug|Win32
		{6CD4FC82-D01F-4DB8-AFE4-D06CEEF5CDF8}.Release|x86.ActiveCfg = Release|Win32
		{6CD4FC82-D01F-4DB8-AFE4-D06CEEF5CDF8}.Release|x86.Build.0 = Release|Win32
		{463F5380-1909-42A5-9794-0E406EE02D68}.Debug|x86.ActiveCfg = Debug|Win32
		{463F5380-1909-42A5-9794-0E406EE02D68}.Debug|x86.Build.0 = Debug|Win32
		{463F5380-1909-42A5-9794-0E406EE02D68}.Release|x86.ActiveCfg = Release|Win32
		{463F5380-1909-42A5-9794-0E406EE02D68}.Release|x86.Build.0 = Release|Win32
		{CC8E638E-698C-4065-A690-3AA51745F5E9}.Debug|x86.ActiveCfg = Debug|Win32
		{CC8E638E-698C-4065-A690-3AA51745F5E9}.Debug|x86.Build.0 = Debug|Win32
		{CC8E638E-698C-4065-A690-3AA51745F5E9}.Release|x86.ActiveCfg = Release|Win32
		{CC8E638E-698C-4065-A690-3AA51745F5E9}.Release|x86.Build.0 = Release|Win32
		{7E65EC90-D8E7-4FD8-A62A-ADAA780A6CB9}.Debug|x86.ActiveCfg = Debug|Win32
		{7E65EC90-D8E7-4FD8-A62A-ADAA780A6CB9}.Debug|x86.Build.0 = Debug|Win32
		{7E65EC90-D8E7-4FD8-A62A-ADAA780A6CB9}.Release|x86.ActiveCfg = Release|Win32
		{7E65EC90-D8E7-4FD8-A62A-ADAA780A6CB9}.Release|x86.Build.0 = Release|Win32
		{4A485CE6-8E2F-4906-A9F1-54A75B0C4AD9}.Debug|x86.ActiveCfg = Debug|Win32
		{4A485CE6-8E2F-4906-A9F1-54A75B0C4AD9}.Debug|x86.Build.0 = Debug|Win32
		{4A485CE6-8E2F-4906-A9F1-54A75B0C4AD9}.Release|x86.ActiveCfg = Release|Win32
		{4A485CE6-8E2F-4906-A9F1-54A75B0C4AD9}.Release|x86.Build.0 = Release|Win32
		{743C8099-435B-448E-BF71-D2B0BAB7A6B6}.Debug|x86.ActiveCfg = Debug|Win32
		{743C8099-435B-448E-BF71-D2B0BAB7A6B6}.Debug|x86.Build.0 = Debug|Win32
		{743C8099-435B-448E-BF71-D2B0BAB7A6B6}.Release|x86.ActiveCfg = Release|Win32
		{743C8099-435B-448E-BF71-D2B0BAB7A6B6}.Release|x86.Build.0 = Release|Win32
		{6BE7A525-49F3-4130-9AEE-C9652395A00A}.Debug|x86.ActiveCfg = Debug|Win32
		{6BE7A525-49F3-4130-9AEE-C9652395A00A}.Debug|x86.Build.0 = Debug|Win32
		{6BE7A525-49F3-4130-9AEE-C9652395A00A}.Release|x86.ActiveCfg = Release|Win32
		{6BE7A525-49F3-4130-9AEE-C9652395A00A}.Release|x86.Build.0 = Release|Win32
		{B2B7D6C6-5587-4F02-9DC7-22D69830B437}.Debug|x86.ActiveCfg = Debug|Win32
		{B2B7D6C6-5587-4F02-9DC7-22D69830B437}.Debug|x86.Build.0 = Debug|Win32
		{B2B7D6C6-5587-4F02-9DC7-22D69830B437}.Release|x86.ActiveCfg = Release|Win32
		{B2B7D6C6-5587-4F02-9DC7-22D69830B437}.Release|x86.Build.0 = Release|Win32
		{B5973EA3-2F12-4271-8A9E-72F29EBC8771}.Debug|x86.ActiveCfg = Debug|Win32
		{B5973EA3-2F12-4271-8A9E-72F29EBC8771}.Debug|x86.Build.0 = Debug|Win32
		{B5973EA3-2F12-4271-8A9E-72F29EBC8771}.Release|x86.ActiveCfg = Release|Win32
		{B5973EA3-2F12-4271-8A9E-72F29EBC8771}.Release|x86.Build.0 = Release|Win32
		{59DDB85F-C041-4560-9740-40C91CEE8AB0}.Debug|x86.ActiveCfg = Debug|Win32
		{59DDB85F-C041-4560-9740-40C91CEE8AB0}.Debug|x86.Build.0 = Debug|Win32
		{59DDB85F-C041-4560-9740-40C91CEE8AB0}.Release|x86.ActiveCfg = Release|Win32
		{59DDB85F-C041-4560-9740-40C91CEE8AB0}.Release|x86.Build.0 = Release|Win32
		{37479BB8-A58D-44C0-A496-B6315F5F765A}.Debug|x86.ActiveCfg = Debug|Win32
		{37479BB8-A58D-44C0-A496-B6315F5F765A}.Debug|x86.Build.0 = Debug|Win32
		{37479BB8-A58D-44C0-A496-B6315F5F765A}.Release|x86.ActiveCfg = Release|Win32
		{37479BB8-A58D-44C0-A496-B6315F5F765A}.Release|x86.Build.0 = Release|Win32
		{2F695894-9B21-4570-8DF4-A7AD77C673E9}.Debug|x86.ActiveCfg = Debug|Win32
		{2F695894-9B21-4570-8DF4-A7AD77C673E9}.Debug|x86.Build.0 = Debug|Win32
		{2F695894-9B21-4570-8DF4-A7AD77C673E9}.Release|x86.ActiveCfg = Release|Win32
		{2F695894-9B21-4570-8DF4-A7AD77C673E9}.Release|x86.Build.0 = Release|Win32
		{564B60D2-F755-4819-856D-CEB7C7AFB00F}.Debug|x86.ActiveCfg = Debug|Win32
		{564B60D2-F755-4819-856D-CEB7C7AFB00F}.Debug|x86.Build.0 = Debug|Win32
		{564B60D2-F755-4819-856D-CEB7C7AFB00F}.Release|x86.ActiveCfg = Release|Win32
		{564B60D2-F755-4819-856D-CEB7C7AFB00F}.Release|x86.Build.0 = Release|Win32
		{ADD7EE9A-3CDD-4007-AB7A-B52232EA211F}.Debug|x86.ActiveCfg = Debug|Win32
		{ADD7EE9A-3CDD-4007-AB7A-B52232EA211F}.Debug|x86.Build.0 = Debug|Win32
		{ADD7EE9A-3CDD-4007-AB7A-B52232EA211F}.Release|x86.ActiveCfg = Release|Win32
		{ADD7EE9A-3CDD-4007-AB7A-B52232EA211F}.Release|x86.Build.0 = Release|Win32
		{B30B1438-B748-4241-A442-61AF6F2E4371}.Debug|x86.ActiveCfg = Debug|Win32
		{B30B1438-B748-4241-A442-61AF6F2E4371}.Debug|x86.Build.0 = Debug|Win32
		{B30B1438-B748-4241-A442-61AF6F2E4371}.Release|x86.ActiveCfg = Release|Win32
		{B30B1438-B748-4241-A442-61AF6F2E4371}.Release|x86.Build.0 = Release|Win32
		{9F893545-ACFC-4588-B7E3-9A32CA18725D}.Debug|x86.ActiveCfg = Debug|Win32
		{9F893545-ACFC-4588-B7E3-9A32CA18725D}.Debug|x86.Build.0 = Debug|Win32
		{9F893545-ACFC-4588-B7E3-9A32CA18725D}.Release|x86.ActiveCfg = Release|Win32
		{9F893545-ACFC-4588-B7E3-9A32CA18725D}.Release|x86.Build.0 = Release|Win32
		{2CD44577-819B-42F4-A84E-3FF7659760BD}.Debug|x86.ActiveCfg = Debug|Win32
		{2CD44577-819B-42F4-A84E-3FF7659760BD}.Debug|x86.Build.0 = Debug|Win32
		{2CD44577-819B-42F4-A84E-3FF7659760BD}.Release|x86.ActiveCfg = Release|Win32
		{2CD44577-819B-42F4-A84E-3FF7659760BD}.Release|x86.Build.0 = Release|Win32
		{CC2E5516-F52D-4346-8C22-6DF52828D651}.Debug|x86.ActiveCfg = Debug|Win32
		{CC2E5516-F52D-4346-8C22-6DF52828D651}.Debug|x86.Build.0 = Debug|Win32
		{CC2E5516-F52D-4346-8C22-6DF52828D651}.Release|x86.ActiveCfg = Release|Win32
		{CC2E5516-F52D-4346-8C22-6DF52828D651}.Release|x86.Build.0 = Release|Win32
		{E4EC03DD-28BF-4600-9D38-5BFC696AA00B}.Debug|x86.ActiveCfg = Debug|Win32
		{E4EC03DD-28BF-4600-9D38-5BFC696AA00B}.Debug|x86.Build.0 = Debug|Win32
		{E4EC03DD-28BF-4600-9D38-5BFC696AA00B}.Release|x86.ActiveCfg = Release|Win32
		{E4EC03DD-28BF-4600-9D38-5BFC696AA00B}.Release|x86.Build.0 = Release|Win32
		{B0AA40B3-32E8-4E10-B6CA-218AD9C59DFB}.Debug|x86.ActiveCfg = Debug|Win32
		{B0AA40B3-32E8-4E10-B6CA-218AD9C59DFB}.Debug|x86.Build.0 = Debug|Win32
		{B0AA40B3-32E8-4E10-B6CA-218AD9C59DFB}.Release|x86.ActiveCfg = Release|Win32
		{B0AA40B3-32E8-4E10-B6CA-218AD9C59DFB}.Release|x86.Build.0 = Release|Win32
		{04129F4D-3568-44DC-948B-E054C2A92002}.Debug|x86.ActiveCfg = Debug|Win32
		{04129F4D-3568-44DC-948B-E054C2A92002}.Debug|x86.Build.0 = Debug|Win32
		{04129F4D-3568-44DC-948B-E054C2A92002}.Release|x86.ActiveCfg = Release|Win32
		{04129F4D-3568-44DC-948B-E054C2A92002}.Release|x86.Build.0 = Release|Win32
		{EB80049A-AD84-4573-A8C5-2440777DCC59}.Debug|x86.ActiveCfg = Debug|Win32
		{EB80049A-AD84-4573-A8C5-2440777DCC59}.Debug|x86.Build.0 = Debug|Win32
		{EB80049A-AD84-4573-A8C5-2440777DCC59}.Release|x86.ActiveCfg = Release|Win32
		{EB80049A-AD84-4573-A8C5-2440777DCC59}.Release|x86.Build.0 = Release|Win32
		{F04E27DF-C278-4130-93DC-75E834C9457E}.Debug|x86.ActiveCfg = Debug|Win32
		{F04E27DF-C278-4130-93DC-75E834C9457E}.Debug|x86.Build.0 = Debug|Win32
		{F04E27DF-C278-4130-93DC-75E834C9457E}.Release|x86.ActiveCfg = Release|Win32
		{F04E27DF-C278-4130-93DC-75E834C9457E}.Release|x86.Build.0 = Release|Win32
		{4A4DD7EE-013C-49A7-8195-65236B5F79DE}.Debug|x86.ActiveCfg = Debug|Win32
		{4A4DD7EE-013C-49A7-8195-65236B5F79DE}.Debug|x86.Build.0 = Debug|Win32
		{4A4DD7EE-013C-49A7-8195-65236B5F79DE}.Release|x86.ActiveCfg = Release|Win32
		{4A4DD7EE-013C-49A7-8195-65236B5F79DE}.Release|x86.Build.0 = Release|Win32
		{867F118F-CE7E-4155-8705-C3F04AB7D406}.Debug|x86.ActiveCfg = Debug|Win32
		{867F118F-CE7E-4155-8705-C3F04AB7D406}.Debug|x86.Build.0 = Debug|Win32
		{867F118F-CE7E-4155-8705-C3F04AB7D406}.Release|x86.ActiveCfg = Release|Win32
		{867F118F-CE7E-4155-8705-C3F04AB7D406}.Release|x86.Build.0 = Release|Win32
		{2DBEF2C0-CBD8-4B07-A828-CDA32DE35D7D}.Debug|x86.ActiveCfg = Debug|Win32
		{2DBEF2C0-CBD8-4B07-A828-CDA32DE35D7D}.Debug|x86.Build.0 = Debug|Win32
		{2DBEF2C0-CBD8-4B07-A828-CDA32DE35D7D}.Release|x86.ActiveCfg = Release|Win32
		{2DBEF2C0-CBD8-4B07-A828-CDA32DE35D7D}.Release|x86.Build.0 = Release|Win32
	EndGlobalSection
	GlobalSection(SolutionProperties) = preSolution
		HideSolutionNode = FALSE
	EndGlobalSection
	GlobalSection(ExtensibilityGlobals) = postSolution
		SolutionGuid = {1286BA72-555C-4BB9-8CFD-76397FD78E6D}
	EndGlobalSection
EndGlobal
