
Microsoft Visual Studio Solution File, Format Version 12.00
# Visual Studio Version 16
VisualStudioVersion = 16.0.30011.22
MinimumVisualStudioVersion = 10.0.40219.1
Project("{8BC9CEB8-8B4A-11D0-8D11-00A0C91BC942}") = "DemoRotaryDial_MSVC", "DemoRotaryDial_MSVC.vcxproj", "{B5973EA3-2F12-4271-8A9E-72F29EBC8771}"
EndProject
Global
	GlobalSection(SolutionConfigurationPlatforms) = preSolution
		Debug|Win32 = Debug|Win32
		Release|Win32 = Release|Win32
	EndGlobalSection
	GlobalSection(ProjectConfigurationPlatforms) = postSolution
		{B5973EA3-2F12-4271-8A9E-72F29EBC8771}.Debug|Win32.ActiveCfg = Debug|Win32
		{B5973EA3-2F12-4271-8A9E-72F29EBC8771}.Debug|Win32.Build.0 = Debug|Win32
		{B5973EA3-2F12-4271-8A9E-72F29EBC8771}.Release|Win32.ActiveCfg = Release|Win32
		{B5973EA3-2F12-4271-8A9E-72F29EBC8771}.Release|Win32.Build.0 = Release|Win32
	EndGlobalSection
	GlobalSection(SolutionProperties) = preSolution
		HideSolutionNode = FALSE
	EndGlobalSection
	GlobalSection(ExtensibilityGlobals) = postSolution
		SolutionGuid = {233C0394-F563-436C-B92F-1F8E9ED57704}
	EndGlobalSection
EndGlobal
