
Microsoft Visual Studio Solution File, Format Version 12.00
# Visual Studio Version 16
VisualStudioVersion = 16.0.30011.22
MinimumVisualStudioVersion = 10.0.40219.1
Project("{8BC9CEB8-8B4A-11D0-8D11-00A0C91BC942}") = "DemoGraph_MSVC", "DemoGraph_MSVC.vcxproj", "{B62990BD-515F-4978-A381-D28AB3DA2259}"
EndProject
Global
	GlobalSection(SolutionConfigurationPlatforms) = preSolution
		Debug|Win32 = Debug|Win32
		Release|Win32 = Release|Win32
	EndGlobalSection
	GlobalSection(ProjectConfigurationPlatforms) = postSolution
		{B62990BD-515F-4978-A381-D28AB3DA2259}.Debug|Win32.ActiveCfg = Debug|Win32
		{B62990BD-515F-4978-A381-D28AB3DA2259}.Debug|Win32.Build.0 = Debug|Win32
		{B62990BD-515F-4978-A381-D28AB3DA2259}.Release|Win32.ActiveCfg = Release|Win32
		{B62990BD-515F-4978-A381-D28AB3DA2259}.Release|Win32.Build.0 = Release|Win32
	EndGlobalSection
	GlobalSection(SolutionProperties) = preSolution
		HideSolutionNode = FALSE
	EndGlobalSection
	GlobalSection(ExtensibilityGlobals) = postSolution
		SolutionGuid = {17C7776F-2B45-4FBA-A802-D3E70B334627}
	EndGlobalSection
EndGlobal
